// !$*UTF8*$!
{
	archiveVersion = 1;
	classes = {
	};
	objectVersion = 46;
	objects = {

/* Begin PBXBuildFile section */
		4D827DB41AA9B5BC00ADE84A /* element.cpp in Sources */ = {isa = PBXBuildFile; fileRef = 4D827DAD1AA9B5BC00ADE84A /* element.cpp */; };
		4D827DB51AA9B5BC00ADE84A /* main.cpp in Sources */ = {isa = PBXBuildFile; fileRef = 4D827DAF1AA9B5BC00ADE84A /* main.cpp */; };
		4D827DB61AA9B5BC00ADE84A /* node.cpp in Sources */ = {isa = PBXBuildFile; fileRef = 4D827DB01AA9B5BC00ADE84A /* node.cpp */; };
		4D827DB71AA9B5BC00ADE84A /* text.cpp in Sources */ = {isa = PBXBuildFile; fileRef = 4D827DB21AA9B5BC00ADE84A /* text.cpp */; };
		4DDF3C7A1AAF3BDF00D1E41F /* parser.cpp in Sources */ = {isa = PBXBuildFile; fileRef = 4DDF3C791AAF3BDF00D1E41F /* parser.cpp */; };
/* End PBXBuildFile section */

/* Begin PBXCopyFilesBuildPhase section */
		4D543DB21A4B443F00EB9C51 /* CopyFiles */ = {
			isa = PBXCopyFilesBuildPhase;
			buildActionMask = 2147483647;
			dstPath = /usr/share/man/man1/;
			dstSubfolderSpec = 0;
			files = (
			);
			runOnlyForDeploymentPostprocessing = 1;
		};
/* End PBXCopyFilesBuildPhase section */

/* Begin PBXFileReference section */
		4D543DB41A4B443F00EB9C51 /* Diktor */ = {isa = PBXFileReference; explicitFileType = "compiled.mach-o.executable"; includeInIndex = 0; path = Diktor; sourceTree = BUILT_PRODUCTS_DIR; };
		4D827DAD1AA9B5BC00ADE84A /* element.cpp */ = {isa = PBXFileReference; fileEncoding = 4; lastKnownFileType = sourcecode.cpp.cpp; name = element.cpp; path = Diktor/element.cpp; sourceTree = SOURCE_ROOT; };
		4D827DAE1AA9B5BC00ADE84A /* element.h */ = {isa = PBXFileReference; fileEncoding = 4; lastKnownFileType = sourcecode.c.h; name = element.h; path = Diktor/element.h; sourceTree = SOURCE_ROOT; };
		4D827DAF1AA9B5BC00ADE84A /* main.cpp */ = {isa = PBXFileReference; fileEncoding = 4; lastKnownFileType = sourcecode.cpp.cpp; name = main.cpp; path = Diktor/main.cpp; sourceTree = SOURCE_ROOT; };
		4D827DB01AA9B5BC00ADE84A /* node.cpp */ = {isa = PBXFileReference; fileEncoding = 4; lastKnownFileType = sourcecode.cpp.cpp; name = node.cpp; path = Diktor/node.cpp; sourceTree = SOURCE_ROOT; };
		4D827DB11AA9B5BC00ADE84A /* node.h */ = {isa = PBXFileReference; fileEncoding = 4; lastKnownFileType = sourcecode.c.h; name = node.h; path = Diktor/node.h; sourceTree = SOURCE_ROOT; };
		4D827DB21AA9B5BC00ADE84A /* text.cpp */ = {isa = PBXFileReference; fileEncoding = 4; lastKnownFileType = sourcecode.cpp.cpp; name = text.cpp; path = Diktor/text.cpp; sourceTree = SOURCE_ROOT; };
		4D827DB31AA9B5BC00ADE84A /* text.h */ = {isa = PBXFileReference; fileEncoding = 4; lastKnownFileType = sourcecode.c.h; name = text.h; path = Diktor/text.h; sourceTree = SOURCE_ROOT; };
		4DDF3C781AAF062F00D1E41F /* parser.h */ = {isa = PBXFileReference; lastKnownFileType = sourcecode.c.h; path = parser.h; sourceTree = SOURCE_ROOT; };
		4DDF3C791AAF3BDF00D1E41F /* parser.cpp */ = {isa = PBXFileReference; fileEncoding = 4; lastKnownFileType = sourcecode.cpp.cpp; path = parser.cpp; sourceTree = SOURCE_ROOT; };
/* End PBXFileReference section */

/* Begin PBXFrameworksBuildPhase section */
		4D543DB11A4B443F00EB9C51 /* Frameworks */ = {
			isa = PBXFrameworksBuildPhase;
			buildActionMask = 2147483647;
			files = (
			);
			runOnlyForDeploymentPostprocessing = 0;
		};
/* End PBXFrameworksBuildPhase section */

/* Begin PBXGroup section */
		4D543DAB1A4B443F00EB9C51 = {
			isa = PBXGroup;
			children = (
				4D543DB61A4B443F00EB9C51 /* Diktor */,
				4D543DB51A4B443F00EB9C51 /* Products */,
			);
			sourceTree = "<group>";
		};
		4D543DB51A4B443F00EB9C51 /* Products */ = {
			isa = PBXGroup;
			children = (
				4D543DB41A4B443F00EB9C51 /* Diktor */,
			);
			name = Products;
			sourceTree = "<group>";
		};
		4D543DB61A4B443F00EB9C51 /* Diktor */ = {
			isa = PBXGroup;
			children = (
				4D827DAD1AA9B5BC00ADE84A /* element.cpp */,
				4D827DAE1AA9B5BC00ADE84A /* element.h */,
				4D827DAF1AA9B5BC00ADE84A /* main.cpp */,
				4D827DB01AA9B5BC00ADE84A /* node.cpp */,
				4D827DB11AA9B5BC00ADE84A /* node.h */,
				4D827DB21AA9B5BC00ADE84A /* text.cpp */,
				4D827DB31AA9B5BC00ADE84A /* text.h */,
				4DDF3C781AAF062F00D1E41F /* parser.h */,
				4DDF3C791AAF3BDF00D1E41F /* parser.cpp */,
			);
			name = Diktor;
			path = Example1;
			sourceTree = "<group>";
		};
/* End PBXGroup section */

/* Begin PBXNativeTarget section */
		4D543DB31A4B443F00EB9C51 /* Diktor */ = {
			isa = PBXNativeTarget;
			buildConfigurationList = 4D543DBB1A4B443F00EB9C51 /* Build configuration list for PBXNativeTarget "Diktor" */;
			buildPhases = (
				4D543DB01A4B443F00EB9C51 /* Sources */,
				4D543DB11A4B443F00EB9C51 /* Frameworks */,
				4D543DB21A4B443F00EB9C51 /* CopyFiles */,
			);
			buildRules = (
			);
			dependencies = (
			);
			name = Diktor;
			productName = Example1;
			productReference = 4D543DB41A4B443F00EB9C51 /* Diktor */;
			productType = "com.apple.product-type.tool";
		};
/* End PBXNativeTarget section */

/* Begin PBXProject section */
		4D543DAC1A4B443F00EB9C51 /* Project object */ = {
			isa = PBXProject;
			attributes = {
				LastUpgradeCheck = 0610;
				ORGANIZATIONNAME = "Massimo Fazzolari";
				TargetAttributes = {
					4D543DB31A4B443F00EB9C51 = {
						CreatedOnToolsVersion = 6.1.1;
					};
				};
			};
			buildConfigurationList = 4D543DAF1A4B443F00EB9C51 /* Build configuration list for PBXProject "Diktor" */;
			compatibilityVersion = "Xcode 3.2";
			developmentRegion = English;
			hasScannedForEncodings = 0;
			knownRegions = (
				en,
			);
			mainGroup = 4D543DAB1A4B443F00EB9C51;
			productRefGroup = 4D543DB51A4B443F00EB9C51 /* Products */;
			projectDirPath = "";
			projectRoot = "";
			targets = (
				4D543DB31A4B443F00EB9C51 /* Diktor */,
			);
		};
/* End PBXProject section */

/* Begin PBXSourcesBuildPhase section */
		4D543DB01A4B443F00EB9C51 /* Sources */ = {
			isa = PBXSourcesBuildPhase;
			buildActionMask = 2147483647;
			files = (
				4DDF3C7A1AAF3BDF00D1E41F /* parser.cpp in Sources */,
				4D827DB51AA9B5BC00ADE84A /* main.cpp in Sources */,
				4D827DB41AA9B5BC00ADE84A /* element.cpp in Sources */,
				4D827DB71AA9B5BC00ADE84A /* text.cpp in Sources */,
				4D827DB61AA9B5BC00ADE84A /* node.cpp in Sources */,
			);
			runOnlyForDeploymentPostprocessing = 0;
		};
/* End PBXSourcesBuildPhase section */

/* Begin XCBuildConfiguration section */
		4D543DB91A4B443F00EB9C51 /* Debug */ = {
			isa = XCBuildConfiguration;
			buildSettings = {
				ALWAYS_SEARCH_USER_PATHS = NO;
				CLANG_CXX_LANGUAGE_STANDARD = "gnu++0x";
				CLANG_CXX_LIBRARY = "libc++";
				CLANG_ENABLE_MODULES = YES;
				CLANG_ENABLE_OBJC_ARC = YES;
				CLANG_WARN_BOOL_CONVERSION = YES;
				CLANG_WARN_CONSTANT_CONVERSION = YES;
				CLANG_WARN_DIRECT_OBJC_ISA_USAGE = YES_ERROR;
				CLANG_WARN_EMPTY_BODY = YES;
				CLANG_WARN_ENUM_CONVERSION = YES;
				CLANG_WARN_INT_CONVERSION = YES;
				CLANG_WARN_OBJC_ROOT_CLASS = YES_ERROR;
				CLANG_WARN_UNREACHABLE_CODE = YES;
				CLANG_WARN__DUPLICATE_METHOD_MATCH = YES;
				COPY_PHASE_STRIP = NO;
				ENABLE_STRICT_OBJC_MSGSEND = YES;
				GCC_C_LANGUAGE_STANDARD = gnu99;
				GCC_DYNAMIC_NO_PIC = NO;
				GCC_OPTIMIZATION_LEVEL = 0;
				GCC_PREPROCESSOR_DEFINITIONS = (
					"DEBUG=1",
					"$(inherited)",
				);
				GCC_SYMBOLS_PRIVATE_EXTERN = NO;
				GCC_WARN_64_TO_32_BIT_CONVERSION = YES;
				GCC_WARN_ABOUT_RETURN_TYPE = YES_ERROR;
				GCC_WARN_UNDECLARED_SELECTOR = YES;
				GCC_WARN_UNINITIALIZED_AUTOS = YES_AGGRESSIVE;
				GCC_WARN_UNUSED_FUNCTION = YES;
				GCC_WARN_UNUSED_VARIABLE = YES;
				MACOSX_DEPLOYMENT_TARGET = 10.9;
				MTL_ENABLE_DEBUG_INFO = YES;
				ONLY_ACTIVE_ARCH = YES;
				SDKROOT = macosx;
			};
			name = Debug;
		};
		4D543DBA1A4B443F00EB9C51 /* Release */ = {
			isa = XCBuildConfiguration;
			buildSettings = {
				ALWAYS_SEARCH_USER_PATHS = NO;
				CLANG_CXX_LANGUAGE_STANDARD = "gnu++0x";
				CLANG_CXX_LIBRARY = "libc++";
				CLANG_ENABLE_MODULES = YES;
				CLANG_ENABLE_OBJC_ARC = YES;
				CLANG_WARN_BOOL_CONVERSION = YES;
				CLANG_WARN_CONSTANT_CONVERSION = YES;
				CLANG_WARN_DIRECT_OBJC_ISA_USAGE = YES_ERROR;
				CLANG_WARN_EMPTY_BODY = YES;
				CLANG_WARN_ENUM_CONVERSION = YES;
				CLANG_WARN_INT_CONVERSION = YES;
				CLANG_WARN_OBJC_ROOT_CLASS = YES_ERROR;
				CLANG_WARN_UNREACHABLE_CODE = YES;
				CLANG_WARN__DUPLICATE_METHOD_MATCH = YES;
				COPY_PHASE_STRIP = YES;
				DEBUG_INFORMATION_FORMAT = "dwarf-with-dsym";
				ENABLE_NS_ASSERTIONS = NO;
				ENABLE_STRICT_OBJC_MSGSEND = YES;
				GCC_C_LANGUAGE_STANDARD = gnu99;
				GCC_WARN_64_TO_32_BIT_CONVERSION = YES;
				GCC_WARN_ABOUT_RETURN_TYPE = YES_ERROR;
				GCC_WARN_UNDECLARED_SELECTOR = YES;
				GCC_WARN_UNINITIALIZED_AUTOS = YES_AGGRESSIVE;
				GCC_WARN_UNUSED_FUNCTION = YES;
				GCC_WARN_UNUSED_VARIABLE = YES;
				MACOSX_DEPLOYMENT_TARGET = 10.9;
				MTL_ENABLE_DEBUG_INFO = NO;
				SDKROOT = macosx;
			};
			name = Release;
		};
		4D543DBC1A4B443F00EB9C51 /* Debug */ = {
			isa = XCBuildConfiguration;
			buildSettings = {
				PRODUCT_NAME = Diktor;
			};
			name = Debug;
		};
		4D543DBD1A4B443F00EB9C51 /* Release */ = {
			isa = XCBuildConfiguration;
			buildSettings = {
				PRODUCT_NAME = Diktor;
			};
			name = Release;
		};
/* End XCBuildConfiguration section */

/* Begin XCConfigurationList section */
		4D543DAF1A4B443F00EB9C51 /* Build configuration list for PBXProject "Diktor" */ = {
			isa = XCConfigurationList;
			buildConfigurations = (
				4D543DB91A4B443F00EB9C51 /* Debug */,
				4D543DBA1A4B443F00EB9C51 /* Release */,
			);
			defaultConfigurationIsVisible = 0;
			defaultConfigurationName = Release;
		};
		4D543DBB1A4B443F00EB9C51 /* Build configuration list for PBXNativeTarget "Diktor" */ = {
			isa = XCConfigurationList;
			buildConfigurations = (
				4D543DBC1A4B443F00EB9C51 /* Debug */,
				4D543DBD1A4B443F00EB9C51 /* Release */,
			);
			defaultConfigurationIsVisible = 0;
			defaultConfigurationName = Release;
		};
/* End XCConfigurationList section */
	};
	rootObject = 4D543DAC1A4B443F00EB9C51 /* Project object */;
}
